
Microsoft Visual Studio Solution File, Format Version 12.00
# Visual Studio Version 17
VisualStudioVersion = 17.0.31903.59
MinimumVisualStudioVersion = 10.0.40219.1
Project("{2150E333-8FDC-42A3-9474-1A3956D46DE8}") = "src", "src", "{827E0CD3-B72D-47B6-A68D-7590B98EB39B}"
EndProject
Project("{FAE04EC0-301F-11D3-BF4B-00C04F79EFBC}") = "TavernDesk.App", "src\TavernDesk.App\TavernDesk.App.csproj", "{37435987-D9F5-49FF-B843-8E9B269D46C1}"
EndProject
Project("{FAE04EC0-301F-11D3-BF4B-00C04F79EFBC}") = "TavernDesk.Core", "src\TavernDesk.Core\TavernDesk.Core.csproj", "{D484D26E-41E4-4D7C-9DEC-4E8F9CCE0A72}"
EndProject
Project("{FAE04EC0-301F-11D3-BF4B-00C04F79EFBC}") = "TavernDesk.Infrastructure", "src\TavernDesk.Infrastructure\TavernDesk.Infrastructure.csproj", "{74CD460D-75DD-4BF1-A212-0A62C108FA12}"
EndProject
Project("{FAE04EC0-301F-11D3-BF4B-00C04F79EFBC}") = "TavernDesk.AgentHost", "src\TavernDesk.AgentHost\TavernDesk.AgentHost.csproj", "{C1ECB644-36E5-4EEA-9DF0-22D6FB89E7C5}"
EndProject
Project("{2150E333-8FDC-42A3-9474-1A3956D46DE8}") = "tests", "tests", "{0AB3BF05-4346-4AA6-1389-037BE0695223}"
EndProject
Project("{FAE04EC0-301F-11D3-BF4B-00C04F79EFBC}") = "TavernDesk.Tests", "tests\TavernDesk.Tests\TavernDesk.Tests.csproj", "{0EB4CBCD-D7C1-4821-A974-5B53B922F94E}"
EndProject
Global
	GlobalSection(SolutionConfigurationPlatforms) = preSolution
		Debug|Any CPU = Debug|Any CPU
		Debug|x64 = Debug|x64
		Debug|x86 = Debug|x86
		Release|Any CPU = Release|Any CPU
		Release|x64 = Release|x64
		Release|x86 = Release|x86
	EndGlobalSection
	GlobalSection(ProjectConfigurationPlatforms) = postSolution
		{37435987-D9F5-49FF-B843-8E9B269D46C1}.Debug|Any CPU.ActiveCfg = Debug|Any CPU
		{37435987-D9F5-49FF-B843-8E9B269D46C1}.Debug|Any CPU.Build.0 = Debug|Any CPU
		{37435987-D9F5-49FF-B843-8E9B269D46C1}.Debug|x64.ActiveCfg = Debug|Any CPU
		{37435987-D9F5-49FF-B843-8E9B269D46C1}.Debug|x64.Build.0 = Debug|Any CPU
		{37435987-D9F5-49FF-B843-8E9B269D46C1}.Debug|x86.ActiveCfg = Debug|Any CPU
		{37435987-D9F5-49FF-B843-8E9B269D46C1}.Debug|x86.Build.0 = Debug|Any CPU
		{37435987-D9F5-49FF-B843-8E9B269D46C1}.Release|Any CPU.ActiveCfg = Release|Any CPU
		{37435987-D9F5-49FF-B843-8E9B269D46C1}.Release|Any CPU.Build.0 = Release|Any CPU
		{37435987-D9F5-49FF-B843-8E9B269D46C1}.Release|x64.ActiveCfg = Release|Any CPU
		{37435987-D9F5-49FF-B843-8E9B269D46C1}.Release|x64.Build.0 = Release|Any CPU
		{37435987-D9F5-49FF-B843-8E9B269D46C1}.Release|x86.ActiveCfg = Release|Any CPU
		{37435987-D9F5-49FF-B843-8E9B269D46C1}.Release|x86.Build.0 = Release|Any CPU
		{D484D26E-41E4-4D7C-9DEC-4E8F9CCE0A72}.Debug|Any CPU.ActiveCfg = Debug|Any CPU
		{D484D26E-41E4-4D7C-9DEC-4E8F9CCE0A72}.Debug|Any CPU.Build.0 = Debug|Any CPU
		{D484D26E-41E4-4D7C-9DEC-4E8F9CCE0A72}.Debug|x64.ActiveCfg = Debug|Any CPU
		{D484D26E-41E4-4D7C-9DEC-4E8F9CCE0A72}.Debug|x64.Build.0 = Debug|Any CPU
		{D484D26E-41E4-4D7C-9DEC-4E8F9CCE0A72}.Debug|x86.ActiveCfg = Debug|Any CPU
		{D484D26E-41E4-4D7C-9DEC-4E8F9CCE0A72}.Debug|x86.Build.0 = Debug|Any CPU
		{D484D26E-41E4-4D7C-9DEC-4E8F9CCE0A72}.Release|Any CPU.ActiveCfg = Release|Any CPU
		{D484D26E-41E4-4D7C-9DEC-4E8F9CCE0A72}.Release|Any CPU.Build.0 = Release|Any CPU
		{D484D26E-41E4-4D7C-9DEC-4E8F9CCE0A72}.Release|x64.ActiveCfg = Release|Any CPU
		{D484D26E-41E4-4D7C-9DEC-4E8F9CCE0A72}.Release|x64.Build.0 = Release|Any CPU
		{D484D26E-41E4-4D7C-9DEC-4E8F9CCE0A72}.Release|x86.ActiveCfg = Release|Any CPU
		{D484D26E-41E4-4D7C-9DEC-4E8F9CCE0A72}.Release|x86.Build.0 = Release|Any CPU
		{74CD460D-75DD-4BF1-A212-0A62C108FA12}.Debug|Any CPU.ActiveCfg = Debug|Any CPU
		{74CD460D-75DD-4BF1-A212-0A62C108FA12}.Debug|Any CPU.Build.0 = Debug|Any CPU
		{74CD460D-75DD-4BF1-A212-0A62C108FA12}.Debug|x64.ActiveCfg = Debug|Any CPU
		{74CD460D-75DD-4BF1-A212-0A62C108FA12}.Debug|x64.Build.0 = Debug|Any CPU
		{74CD460D-75DD-4BF1-A212-0A62C108FA12}.Debug|x86.ActiveCfg = Debug|Any CPU
		{74CD460D-75DD-4BF1-A212-0A62C108FA12}.Debug|x86.Build.0 = Debug|Any CPU
		{74CD460D-75DD-4BF1-A212-0A62C108FA12}.Release|Any CPU.ActiveCfg = Release|Any CPU
		{74CD460D-75DD-4BF1-A212-0A62C108FA12}.Release|Any CPU.Build.0 = Release|Any CPU
		{74CD460D-75DD-4BF1-A212-0A62C108FA12}.Release|x64.ActiveCfg = Release|Any CPU
		{74CD460D-75DD-4BF1-A212-0A62C108FA12}.Release|x64.Build.0 = Release|Any CPU
		{74CD460D-75DD-4BF1-A212-0A62C108FA12}.Release|x86.ActiveCfg = Release|Any CPU
		{74CD460D-75DD-4BF1-A212-0A62C108FA12}.Release|x86.Build.0 = Release|Any CPU
		{C1ECB644-36E5-4EEA-9DF0-22D6FB89E7C5}.Debug|Any CPU.ActiveCfg = Debug|Any CPU
		{C1ECB644-36E5-4EEA-9DF0-22D6FB89E7C5}.Debug|Any CPU.Build.0 = Debug|Any CPU
		{C1ECB644-36E5-4EEA-9DF0-22D6FB89E7C5}.Debug|x64.ActiveCfg = Debug|Any CPU
		{C1ECB644-36E5-4EEA-9DF0-22D6FB89E7C5}.Debug|x64.Build.0 = Debug|Any CPU
		{C1ECB644-36E5-4EEA-9DF0-22D6FB89E7C5}.Debug|x86.ActiveCfg = Debug|Any CPU
		{C1ECB644-36E5-4EEA-9DF0-22D6FB89E7C5}.Debug|x86.Build.0 = Debug|Any CPU
		{C1ECB644-36E5-4EEA-9DF0-22D6FB89E7C5}.Release|Any CPU.ActiveCfg = Release|Any CPU
		{C1ECB644-36E5-4EEA-9DF0-22D6FB89E7C5}.Release|Any CPU.Build.0 = Release|Any CPU
		{C1ECB644-36E5-4EEA-9DF0-22D6FB89E7C5}.Release|x64.ActiveCfg = Release|Any CPU
		{C1ECB644-36E5-4EEA-9DF0-22D6FB89E7C5}.Release|x64.Build.0 = Release|Any CPU
		{C1ECB644-36E5-4EEA-9DF0-22D6FB89E7C5}.Release|x86.ActiveCfg = Release|Any CPU
		{C1ECB644-36E5-4EEA-9DF0-22D6FB89E7C5}.Release|x86.Build.0 = Release|Any CPU
		{0EB4CBCD-D7C1-4821-A974-5B53B922F94E}.Debug|Any CPU.ActiveCfg = Debug|Any CPU
		{0EB4CBCD-D7C1-4821-A974-5B53B922F94E}.Debug|Any CPU.Build.0 = Debug|Any CPU
		{0EB4CBCD-D7C1-4821-A974-5B53B922F94E}.Debug|x64.ActiveCfg = Debug|Any CPU
		{0EB4CBCD-D7C1-4821-A974-5B53B922F94E}.Debug|x64.Build.0 = Debug|Any CPU
		{0EB4CBCD-D7C1-4821-A974-5B53B922F94E}.Debug|x86.ActiveCfg = Debug|Any CPU
		{0EB4CBCD-D7C1-4821-A974-5B53B922F94E}.Debug|x86.Build.0 = Debug|Any CPU
		{0EB4CBCD-D7C1-4821-A974-5B53B922F94E}.Release|Any CPU.ActiveCfg = Release|Any CPU
		{0EB4CBCD-D7C1-4821-A974-5B53B922F94E}.Release|Any CPU.Build.0 = Release|Any CPU
		{0EB4CBCD-D7C1-4821-A974-5B53B922F94E}.Release|x64.ActiveCfg = Release|Any CPU
		{0EB4CBCD-D7C1-4821-A974-5B53B922F94E}.Release|x64.Build.0 = Release|Any CPU
		{0EB4CBCD-D7C1-4821-A974-5B53B922F94E}.Release|x86.ActiveCfg = Release|Any CPU
		{0EB4CBCD-D7C1-4821-A974-5B53B922F94E}.Release|x86.Build.0 = Release|Any CPU
	EndGlobalSection
	GlobalSection(SolutionProperties) = preSolution
		HideSolutionNode = FALSE
	EndGlobalSection
	GlobalSection(NestedProjects) = preSolution
		{37435987-D9F5-49FF-B843-8E9B269D46C1} = {827E0CD3-B72D-47B6-A68D-7590B98EB39B}
		{D484D26E-41E4-4D7C-9DEC-4E8F9CCE0A72} = {827E0CD3-B72D-47B6-A68D-7590B98EB39B}
		{74CD460D-75DD-4BF1-A212-0A62C108FA12} = {827E0CD3-B72D-47B6-A68D-7590B98EB39B}
		{C1ECB644-36E5-4EEA-9DF0-22D6FB89E7C5} = {827E0CD3-B72D-47B6-A68D-7590B98EB39B}
		{0EB4CBCD-D7C1-4821-A974-5B53B922F94E} = {0AB3BF05-4346-4AA6-1389-037BE0695223}
	EndGlobalSection
EndGlobal
